
Microsoft Visual Studio Solution File, Format Version 12.00
# Visual Studio Version 17
VisualStudioVersion = 17.8.34330.188
MinimumVisualStudioVersion = 10.0.40219.1
Project("{FAE04EC0-301F-11D3-BF4B-00C04F79EFBC}") = "VirtualShop.ProductsApi", "VirtualShop.ProductsApi\VirtualShop.ProductsApi.csproj", "{CDCBF79A-EBFF-4708-B27F-DCAB4D5C90DC}"
EndProject
Global
	GlobalSection(SolutionConfigurationPlatforms) = preSolution
		Debug|Any CPU = Debug|Any CPU
		Release|Any CPU = Release|Any CPU
	EndGlobalSection
	GlobalSection(ProjectConfigurationPlatforms) = postSolution
		{CDCBF79A-EBFF-4708-B27F-DCAB4D5C90DC}.Debug|Any CPU.ActiveCfg = Debug|Any CPU
		{CDCBF79A-EBFF-4708-B27F-DCAB4D5C90DC}.Debug|Any CPU.Build.0 = Debug|Any CPU
		{CDCBF79A-EBFF-4708-B27F-DCAB4D5C90DC}.Release|Any CPU.ActiveCfg = Release|Any CPU
		{CDCBF79A-EBFF-4708-B27F-DCAB4D5C90DC}.Release|Any CPU.Build.0 = Release|Any CPU
	EndGlobalSection
	GlobalSection(SolutionProperties) = preSolution
		HideSolutionNode = FALSE
	EndGlobalSection
	GlobalSection(ExtensibilityGlobals) = postSolution
		SolutionGuid = {167DEEA2-FC5F-43C4-B3F2-743E7B7C332F}
	EndGlobalSection
EndGlobal
