
Microsoft Visual Studio Solution File, Format Version 12.00
# Visual Studio Version 17
VisualStudioVersion = 17.8.34330.188
MinimumVisualStudioVersion = 10.0.40219.1
Project("{9A19103F-16F7-4668-BE54-9A1E7A4F7556}") = "VirtualShop.ProductsApi", "VirtualShop.ProductsApi\VirtualShop.ProductsApi.csproj", "{CDCBF79A-EBFF-4708-B27F-DCAB4D5C90DC}"
EndProject
Project("{9A19103F-16F7-4668-BE54-9A1E7A4F7556}") = "VirtualShop.Web", "VirtualShop.Web\VirtualShop.Web.csproj", "{762A7C96-1E4D-4759-B421-752C36714837}"
EndProject
Project("{9A19103F-16F7-4668-BE54-9A1E7A4F7556}") = "VirtualShop.IdentityServer", "VirtualShop.IdentityServer\VirtualShop.IdentityServer.csproj", "{39E22263-BE38-47A6-BADF-CD4E9F41B9A8}"
EndProject
Global
	GlobalSection(SolutionConfigurationPlatforms) = preSolution
		Debug|Any CPU = Debug|Any CPU
		Release|Any CPU = Release|Any CPU
	EndGlobalSection
	GlobalSection(ProjectConfigurationPlatforms) = postSolution
		{CDCBF79A-EBFF-4708-B27F-DCAB4D5C90DC}.Debug|Any CPU.ActiveCfg = Debug|Any CPU
		{CDCBF79A-EBFF-4708-B27F-DCAB4D5C90DC}.Debug|Any CPU.Build.0 = Debug|Any CPU
		{CDCBF79A-EBFF-4708-B27F-DCAB4D5C90DC}.Release|Any CPU.ActiveCfg = Release|Any CPU
		{CDCBF79A-EBFF-4708-B27F-DCAB4D5C90DC}.Release|Any CPU.Build.0 = Release|Any CPU
		{762A7C96-1E4D-4759-B421-752C36714837}.Debug|Any CPU.ActiveCfg = Debug|Any CPU
		{762A7C96-1E4D-4759-B421-752C36714837}.Debug|Any CPU.Build.0 = Debug|Any CPU
		{762A7C96-1E4D-4759-B421-752C36714837}.Release|Any CPU.ActiveCfg = Release|Any CPU
		{762A7C96-1E4D-4759-B421-752C36714837}.Release|Any CPU.Build.0 = Release|Any CPU
		{39E22263-BE38-47A6-BADF-CD4E9F41B9A8}.Debug|Any CPU.ActiveCfg = Debug|Any CPU
		{39E22263-BE38-47A6-BADF-CD4E9F41B9A8}.Debug|Any CPU.Build.0 = Debug|Any CPU
		{39E22263-BE38-47A6-BADF-CD4E9F41B9A8}.Release|Any CPU.ActiveCfg = Release|Any CPU
		{39E22263-BE38-47A6-BADF-CD4E9F41B9A8}.Release|Any CPU.Build.0 = Release|Any CPU
	EndGlobalSection
	GlobalSection(SolutionProperties) = preSolution
		HideSolutionNode = FALSE
	EndGlobalSection
	GlobalSection(ExtensibilityGlobals) = postSolution
		SolutionGuid = {167DEEA2-FC5F-43C4-B3F2-743E7B7C332F}
	EndGlobalSection
EndGlobal
